
Microsoft Visual Studio Solution File, Format Version 12.00
# Visual Studio Version 17
VisualStudioVersion = 17.8.34322.80
MinimumVisualStudioVersion = 10.0.40219.1
Project("{FAE04EC0-301F-11D3-BF4B-00C04F79EFBC}") = "RankenSchedule.UI", "RankenSchedule.UI\RankenSchedule.UI.csproj", "{F16ED086-46F3-4277-BF1B-0772B31E5D22}"
EndProject
Global
	GlobalSection(SolutionConfigurationPlatforms) = preSolution
		Debug|Any CPU = Debug|Any CPU
		Release|Any CPU = Release|Any CPU
	EndGlobalSection
	GlobalSection(ProjectConfigurationPlatforms) = postSolution
		{F16ED086-46F3-4277-BF1B-0772B31E5D22}.Debug|Any CPU.ActiveCfg = Debug|Any CPU
		{F16ED086-46F3-4277-BF1B-0772B31E5D22}.Debug|Any CPU.Build.0 = Debug|Any CPU
		{F16ED086-46F3-4277-BF1B-0772B31E5D22}.Release|Any CPU.ActiveCfg = Release|Any CPU
		{F16ED086-46F3-4277-BF1B-0772B31E5D22}.Release|Any CPU.Build.0 = Release|Any CPU
	EndGlobalSection
	GlobalSection(SolutionProperties) = preSolution
		HideSolutionNode = FALSE
	EndGlobalSection
	GlobalSection(ExtensibilityGlobals) = postSolution
		SolutionGuid = {5FCF6A51-D01C-48DC-A75F-5C91B012A1E2}
	EndGlobalSection
EndGlobal
